version = 1
requires-python = "==3.13.*"

[[package]]
name = "playwright"
version = "1.63.0"
source = { registry = "https://pypi.org/simple" }
wheels = [
    { url = "https://files.pythonhosted.org/packages/27/9c/103a5037789062bdab27c7dca53f3ca6b075b572ab2cd96eec825b3aec4e/playwright-1.63.0-py3-none-manylinux1_x86_64.whl", hash = "sha256:ad21bc07516b187965a7521c5cf0df0bd657b17482eaad74335272d35a2b07de", size = 48217159 },
]
